
Microsoft Visual Studio Solution File, Format Version 12.00
# Visual Studio 15
VisualStudioVersion = 15.0.27703.2042
MinimumVisualStudioVersion = 10.0.40219.1
Project("{FAE04EC0-301F-11D3-BF4B-00C04F79EFBC}") = "CustomRenderers.Android", "CustomRenderers\CustomRenderers.Android\CustomRenderers.Android.csproj", "{3D47882C-CB58-45D4-A4ED-D54CB3862A61}"
EndProject
Project("{FAE04EC0-301F-11D3-BF4B-00C04F79EFBC}") = "CustomRenderers.iOS", "CustomRenderers\CustomRenderers.iOS\CustomRenderers.iOS.csproj", "{BAD34F2E-C6DC-4C18-BB81-20886AE4BCD0}"
EndProject
Project("{FAE04EC0-301F-11D3-BF4B-00C04F79EFBC}") = "CustomRenderers", "CustomRenderers\CustomRenderers\CustomRenderers.csproj", "{CD113691-A165-41F2-851C-0FB2FC9A5D1E}"
EndProject
Global
	GlobalSection(SolutionConfigurationPlatforms) = preSolution
		Ad-Hoc|Any CPU = Ad-Hoc|Any CPU
		Ad-Hoc|iPhone = Ad-Hoc|iPhone
		Ad-Hoc|iPhoneSimulator = Ad-Hoc|iPhoneSimulator
		AppStore|Any CPU = AppStore|Any CPU
		AppStore|iPhone = AppStore|iPhone
		AppStore|iPhoneSimulator = AppStore|iPhoneSimulator
		Debug|Any CPU = Debug|Any CPU
		Debug|iPhone = Debug|iPhone
		Debug|iPhoneSimulator = Debug|iPhoneSimulator
		Release|Any CPU = Release|Any CPU
		Release|iPhone = Release|iPhone
		Release|iPhoneSimulator = Release|iPhoneSimulator
	EndGlobalSection
	GlobalSection(ProjectConfigurationPlatforms) = postSolution
		{3D47882C-CB58-45D4-A4ED-D54CB3862A61}.Ad-Hoc|Any CPU.ActiveCfg = Release|Any CPU
		{3D47882C-CB58-45D4-A4ED-D54CB3862A61}.Ad-Hoc|Any CPU.Build.0 = Release|Any CPU
		{3D47882C-CB58-45D4-A4ED-D54CB3862A61}.Ad-Hoc|Any CPU.Deploy.0 = Release|Any CPU
		{3D47882C-CB58-45D4-A4ED-D54CB3862A61}.Ad-Hoc|iPhone.ActiveCfg = Release|Any CPU
		{3D47882C-CB58-45D4-A4ED-D54CB3862A61}.Ad-Hoc|iPhone.Build.0 = Release|Any CPU
		{3D47882C-CB58-45D4-A4ED-D54CB3862A61}.Ad-Hoc|iPhone.Deploy.0 = Release|Any CPU
		{3D47882C-CB58-45D4-A4ED-D54CB3862A61}.Ad-Hoc|iPhoneSimulator.ActiveCfg = Release|Any CPU
		{3D47882C-CB58-45D4-A4ED-D54CB3862A61}.Ad-Hoc|iPhoneSimulator.Build.0 = Release|Any CPU
		{3D47882C-CB58-45D4-A4ED-D54CB3862A61}.Ad-Hoc|iPhoneSimulator.Deploy.0 = Release|Any CPU
		{3D47882C-CB58-45D4-A4ED-D54CB3862A61}.AppStore|Any CPU.ActiveCfg = Release|Any CPU
		{3D47882C-CB58-45D4-A4ED-D54CB3862A61}.AppStore|Any CPU.Build.0 = Release|Any CPU
		{3D47882C-CB58-45D4-A4ED-D54CB3862A61}.AppStore|Any CPU.Deploy.0 = Release|Any CPU
		{3D47882C-CB58-45D4-A4ED-D54CB3862A61}.AppStore|iPhone.ActiveCfg = Release|Any CPU
		{3D47882C-CB58-45D4-A4ED-D54CB3862A61}.AppStore|iPhone.Build.0 = Release|Any CPU
		{3D47882C-CB58-45D4-A4ED-D54CB3862A61}.AppStore|iPhone.Deploy.0 = Release|Any CPU
		{3D47882C-CB58-45D4-A4ED-D54CB3862A61}.AppStore|iPhoneSimulator.ActiveCfg = Release|Any CPU
		{3D47882C-CB58-45D4-A4ED-D54CB3862A61}.AppStore|iPhoneSimulator.Build.0 = Release|Any CPU
		{3D47882C-CB58-45D4-A4ED-D54CB3862A61}.AppStore|iPhoneSimulator.Deploy.0 = Release|Any CPU
		{3D47882C-CB58-45D4-A4ED-D54CB3862A61}.Debug|Any CPU.ActiveCfg = Debug|Any CPU
		{3D47882C-CB58-45D4-A4ED-D54CB3862A61}.Debug|Any CPU.Build.0 = Debug|Any CPU
		{3D47882C-CB58-45D4-A4ED-D54CB3862A61}.Debug|Any CPU.Deploy.0 = Debug|Any CPU
		{3D47882C-CB58-45D4-A4ED-D54CB3862A61}.Debug|iPhone.ActiveCfg = Debug|Any CPU
		{3D47882C-CB58-45D4-A4ED-D54CB3862A61}.Debug|iPhone.Build.0 = Debug|Any CPU
		{3D47882C-CB58-45D4-A4ED-D54CB3862A61}.Debug|iPhone.Deploy.0 = Debug|Any CPU
		{3D47882C-CB58-45D4-A4ED-D54CB3862A61}.Debug|iPhoneSimulator.ActiveCfg = Debug|Any CPU
		{3D47882C-CB58-45D4-A4ED-D54CB3862A61}.Debug|iPhoneSimulator.Build.0 = Debug|Any CPU
		{3D47882C-CB58-45D4-A4ED-D54CB3862A61}.Debug|iPhoneSimulator.Deploy.0 = Debug|Any CPU
		{3D47882C-CB58-45D4-A4ED-D54CB3862A61}.Release|Any CPU.ActiveCfg = Release|Any CPU
		{3D47882C-CB58-45D4-A4ED-D54CB3862A61}.Release|Any CPU.Build.0 = Release|Any CPU
		{3D47882C-CB58-45D4-A4ED-D54CB3862A61}.Release|Any CPU.Deploy.0 = Release|Any CPU
		{3D47882C-CB58-45D4-A4ED-D54CB3862A61}.Release|iPhone.ActiveCfg = Release|Any CPU
		{3D47882C-CB58-45D4-A4ED-D54CB3862A61}.Release|iPhone.Build.0 = Release|Any CPU
		{3D47882C-CB58-45D4-A4ED-D54CB3862A61}.Release|iPhone.Deploy.0 = Release|Any CPU
		{3D47882C-CB58-45D4-A4ED-D54CB3862A61}.Release|iPhoneSimulator.ActiveCfg = Release|Any CPU
		{3D47882C-CB58-45D4-A4ED-D54CB3862A61}.Release|iPhoneSimulator.Build.0 = Release|Any CPU
		{3D47882C-CB58-45D4-A4ED-D54CB3862A61}.Release|iPhoneSimulator.Deploy.0 = Release|Any CPU
		{BAD34F2E-C6DC-4C18-BB81-20886AE4BCD0}.Ad-Hoc|Any CPU.ActiveCfg = Ad-Hoc|iPhone
		{BAD34F2E-C6DC-4C18-BB81-20886AE4BCD0}.Ad-Hoc|Any CPU.Build.0 = Ad-Hoc|iPhone
		{BAD34F2E-C6DC-4C18-BB81-20886AE4BCD0}.Ad-Hoc|Any CPU.Deploy.0 = Ad-Hoc|iPhone
		{BAD34F2E-C6DC-4C18-BB81-20886AE4BCD0}.Ad-Hoc|iPhone.ActiveCfg = Ad-Hoc|iPhone
		{BAD34F2E-C6DC-4C18-BB81-20886AE4BCD0}.Ad-Hoc|iPhone.Build.0 = Ad-Hoc|iPhone
		{BAD34F2E-C6DC-4C18-BB81-20886AE4BCD0}.Ad-Hoc|iPhone.Deploy.0 = Ad-Hoc|iPhone
		{BAD34F2E-C6DC-4C18-BB81-20886AE4BCD0}.Ad-Hoc|iPhoneSimulator.ActiveCfg = Ad-Hoc|iPhoneSimulator
		{BAD34F2E-C6DC-4C18-BB81-20886AE4BCD0}.Ad-Hoc|iPhoneSimulator.Build.0 = Ad-Hoc|iPhoneSimulator
		{BAD34F2E-C6DC-4C18-BB81-20886AE4BCD0}.Ad-Hoc|iPhoneSimulator.Deploy.0 = Ad-Hoc|iPhoneSimulator
		{BAD34F2E-C6DC-4C18-BB81-20886AE4BCD0}.AppStore|Any CPU.ActiveCfg = AppStore|iPhone
		{BAD34F2E-C6DC-4C18-BB81-20886AE4BCD0}.AppStore|Any CPU.Build.0 = AppStore|iPhone
		{BAD34F2E-C6DC-4C18-BB81-20886AE4BCD0}.AppStore|Any CPU.Deploy.0 = AppStore|iPhone
		{BAD34F2E-C6DC-4C18-BB81-20886AE4BCD0}.AppStore|iPhone.ActiveCfg = AppStore|iPhone
		{BAD34F2E-C6DC-4C18-BB81-20886AE4BCD0}.AppStore|iPhone.Build.0 = AppStore|iPhone
		{BAD34F2E-C6DC-4C18-BB81-20886AE4BCD0}.AppStore|iPhone.Deploy.0 = AppStore|iPhone
		{BAD34F2E-C6DC-4C18-BB81-20886AE4BCD0}.AppStore|iPhoneSimulator.ActiveCfg = AppStore|iPhoneSimulator
		{BAD34F2E-C6DC-4C18-BB81-20886AE4BCD0}.AppStore|iPhoneSimulator.Build.0 = AppStore|iPhoneSimulator
		{BAD34F2E-C6DC-4C18-BB81-20886AE4BCD0}.AppStore|iPhoneSimulator.Deploy.0 = AppStore|iPhoneSimulator
		{BAD34F2E-C6DC-4C18-BB81-20886AE4BCD0}.Debug|Any CPU.ActiveCfg = Debug|iPhoneSimulator
		{BAD34F2E-C6DC-4C18-BB81-20886AE4BCD0}.Debug|Any CPU.Build.0 = Debug|iPhoneSimulator
		{BAD34F2E-C6DC-4C18-BB81-20886AE4BCD0}.Debug|Any CPU.Deploy.0 = Debug|iPhoneSimulator
		{BAD34F2E-C6DC-4C18-BB81-20886AE4BCD0}.Debug|iPhone.ActiveCfg = Debug|iPhone
		{BAD34F2E-C6DC-4C18-BB81-20886AE4BCD0}.Debug|iPhone.Build.0 = Debug|iPhone
		{BAD34F2E-C6DC-4C18-BB81-20886AE4BCD0}.Debug|iPhone.Deploy.0 = Debug|iPhone
		{BAD34F2E-C6DC-4C18-BB81-20886AE4BCD0}.Debug|iPhoneSimulator.ActiveCfg = Debug|iPhoneSimulator
		{BAD34F2E-C6DC-4C18-BB81-20886AE4BCD0}.Debug|iPhoneSimulator.Build.0 = Debug|iPhoneSimulator
		{BAD34F2E-C6DC-4C18-BB81-20886AE4BCD0}.Debug|iPhoneSimulator.Deploy.0 = Debug|iPhoneSimulator
		{BAD34F2E-C6DC-4C18-BB81-20886AE4BCD0}.Release|Any CPU.ActiveCfg = Release|iPhone
		{BAD34F2E-C6DC-4C18-BB81-20886AE4BCD0}.Release|Any CPU.Build.0 = Release|iPhone
		{BAD34F2E-C6DC-4C18-BB81-20886AE4BCD0}.Release|Any CPU.Deploy.0 = Release|iPhone
		{BAD34F2E-C6DC-4C18-BB81-20886AE4BCD0}.Release|iPhone.ActiveCfg = Release|iPhone
		{BAD34F2E-C6DC-4C18-BB81-20886AE4BCD0}.Release|iPhone.Build.0 = Release|iPhone
		{BAD34F2E-C6DC-4C18-BB81-20886AE4BCD0}.Release|iPhone.Deploy.0 = Release|iPhone
		{BAD34F2E-C6DC-4C18-BB81-20886AE4BCD0}.Release|iPhoneSimulator.ActiveCfg = Release|iPhoneSimulator
		{BAD34F2E-C6DC-4C18-BB81-20886AE4BCD0}.Release|iPhoneSimulator.Build.0 = Release|iPhoneSimulator
		{BAD34F2E-C6DC-4C18-BB81-20886AE4BCD0}.Release|iPhoneSimulator.Deploy.0 = Release|iPhoneSimulator
		{CD113691-A165-41F2-851C-0FB2FC9A5D1E}.Ad-Hoc|Any CPU.ActiveCfg = Debug|Any CPU
		{CD113691-A165-41F2-851C-0FB2FC9A5D1E}.Ad-Hoc|Any CPU.Build.0 = Debug|Any CPU
		{CD113691-A165-41F2-851C-0FB2FC9A5D1E}.Ad-Hoc|Any CPU.Deploy.0 = Debug|Any CPU
		{CD113691-A165-41F2-851C-0FB2FC9A5D1E}.Ad-Hoc|iPhone.ActiveCfg = Debug|Any CPU
		{CD113691-A165-41F2-851C-0FB2FC9A5D1E}.Ad-Hoc|iPhone.Build.0 = Debug|Any CPU
		{CD113691-A165-41F2-851C-0FB2FC9A5D1E}.Ad-Hoc|iPhone.Deploy.0 = Debug|Any CPU
		{CD113691-A165-41F2-851C-0FB2FC9A5D1E}.Ad-Hoc|iPhoneSimulator.ActiveCfg = Debug|Any CPU
		{CD113691-A165-41F2-851C-0FB2FC9A5D1E}.Ad-Hoc|iPhoneSimulator.Build.0 = Debug|Any CPU
		{CD113691-A165-41F2-851C-0FB2FC9A5D1E}.Ad-Hoc|iPhoneSimulator.Deploy.0 = Debug|Any CPU
		{CD113691-A165-41F2-851C-0FB2FC9A5D1E}.AppStore|Any CPU.ActiveCfg = Debug|Any CPU
		{CD113691-A165-41F2-851C-0FB2FC9A5D1E}.AppStore|Any CPU.Build.0 = Debug|Any CPU
		{CD113691-A165-41F2-851C-0FB2FC9A5D1E}.AppStore|Any CPU.Deploy.0 = Debug|Any CPU
		{CD113691-A165-41F2-851C-0FB2FC9A5D1E}.AppStore|iPhone.ActiveCfg = Debug|Any CPU
		{CD113691-A165-41F2-851C-0FB2FC9A5D1E}.AppStore|iPhone.Build.0 = Debug|Any CPU
		{CD113691-A165-41F2-851C-0FB2FC9A5D1E}.AppStore|iPhone.Deploy.0 = Debug|Any CPU
		{CD113691-A165-41F2-851C-0FB2FC9A5D1E}.AppStore|iPhoneSimulator.ActiveCfg = Debug|Any CPU
		{CD113691-A165-41F2-851C-0FB2FC9A5D1E}.AppStore|iPhoneSimulator.Build.0 = Debug|Any CPU
		{CD113691-A165-41F2-851C-0FB2FC9A5D1E}.AppStore|iPhoneSimulator.Deploy.0 = Debug|Any CPU
		{CD113691-A165-41F2-851C-0FB2FC9A5D1E}.Debug|Any CPU.ActiveCfg = Debug|Any CPU
		{CD113691-A165-41F2-851C-0FB2FC9A5D1E}.Debug|Any CPU.Build.0 = Debug|Any CPU
		{CD113691-A165-41F2-851C-0FB2FC9A5D1E}.Debug|Any CPU.Deploy.0 = Debug|Any CPU
		{CD113691-A165-41F2-851C-0FB2FC9A5D1E}.Debug|iPhone.ActiveCfg = Debug|Any CPU
		{CD113691-A165-41F2-851C-0FB2FC9A5D1E}.Debug|iPhone.Build.0 = Debug|Any CPU
		{CD113691-A165-41F2-851C-0FB2FC9A5D1E}.Debug|iPhone.Deploy.0 = Debug|Any CPU
		{CD113691-A165-41F2-851C-0FB2FC9A5D1E}.Debug|iPhoneSimulator.ActiveCfg = Debug|Any CPU
		{CD113691-A165-41F2-851C-0FB2FC9A5D1E}.Debug|iPhoneSimulator.Build.0 = Debug|Any CPU
		{CD113691-A165-41F2-851C-0FB2FC9A5D1E}.Debug|iPhoneSimulator.Deploy.0 = Debug|Any CPU
		{CD113691-A165-41F2-851C-0FB2FC9A5D1E}.Release|Any CPU.ActiveCfg = Release|Any CPU
		{CD113691-A165-41F2-851C-0FB2FC9A5D1E}.Release|Any CPU.Build.0 = Release|Any CPU
		{CD113691-A165-41F2-851C-0FB2FC9A5D1E}.Release|Any CPU.Deploy.0 = Release|Any CPU
		{CD113691-A165-41F2-851C-0FB2FC9A5D1E}.Release|iPhone.ActiveCfg = Release|Any CPU
		{CD113691-A165-41F2-851C-0FB2FC9A5D1E}.Release|iPhone.Build.0 = Release|Any CPU
		{CD113691-A165-41F2-851C-0FB2FC9A5D1E}.Release|iPhone.Deploy.0 = Release|Any CPU
		{CD113691-A165-41F2-851C-0FB2FC9A5D1E}.Release|iPhoneSimulator.ActiveCfg = Release|Any CPU
		{CD113691-A165-41F2-851C-0FB2FC9A5D1E}.Release|iPhoneSimulator.Build.0 = Release|Any CPU
		{CD113691-A165-41F2-851C-0FB2FC9A5D1E}.Release|iPhoneSimulator.Deploy.0 = Release|Any CPU
	EndGlobalSection
	GlobalSection(SolutionProperties) = preSolution
		HideSolutionNode = FALSE
	EndGlobalSection
	GlobalSection(ExtensibilityGlobals) = postSolution
		SolutionGuid = {E358D990-98E6-4601-A993-3657F65000D0}
	EndGlobalSection
EndGlobal
